
Microsoft Visual Studio Solution File, Format Version 12.00
# Visual Studio 15
VisualStudioVersion = 15.0.26430.6
MinimumVisualStudioVersion = 10.0.40219.1
Project("{8BC9CEB8-8B4A-11D0-8D11-00A0C91BC942}") = "EBS", "EBS.vcxproj", "{56282A84-71CA-408C-9089-7D4704223569}"
EndProject
Project("{8BC9CEB8-8B4A-11D0-8D11-00A0C91BC942}") = "EBS-Test", "..\Users\justin lye\documents\visual studio 2017\Projects\EBS-Test\EBS-Test.vcxproj", "{BC8DC2EC-9CF1-4F54-8BCD-172B88D9887B}"
	ProjectSection(ProjectDependencies) = postProject
		{87CD7C06-7D29-4A12-966F-556A9A16949B} = {87CD7C06-7D29-4A12-966F-556A9A16949B}
		{0E6FBF08-B2D7-4D39-9F46-EDB1D9DFF1C4} = {0E6FBF08-B2D7-4D39-9F46-EDB1D9DFF1C4}
	EndProjectSection
EndProject
Project("{8BC9CEB8-8B4A-11D0-8D11-00A0C91BC942}") = "OpenGL", "OpenGL\OpenGL.vcxproj", "{9726B572-FF32-4B2B-BC17-CDECD17C0510}"
	ProjectSection(ProjectDependencies) = postProject
		{87CD7C06-7D29-4A12-966F-556A9A16949B} = {87CD7C06-7D29-4A12-966F-556A9A16949B}
		{0E6FBF08-B2D7-4D39-9F46-EDB1D9DFF1C4} = {0E6FBF08-B2D7-4D39-9F46-EDB1D9DFF1C4}
		{C7773D77-1CD0-4C7E-B5A8-6CE567868891} = {C7773D77-1CD0-4C7E-B5A8-6CE567868891}
	EndProjectSection
EndProject
Project("{8BC9CEB8-8B4A-11D0-8D11-00A0C91BC942}") = "EBS-lib", "..\Users\justin lye\documents\visual studio 2017\Projects\EBS-lib\EBS-lib.vcxproj", "{87CD7C06-7D29-4A12-966F-556A9A16949B}"
EndProject
Project("{8BC9CEB8-8B4A-11D0-8D11-00A0C91BC942}") = "EBS-graphics-lib", "EBS-graphics-lib\EBS-graphics-lib.vcxproj", "{C7773D77-1CD0-4C7E-B5A8-6CE567868891}"
EndProject
Project("{8BC9CEB8-8B4A-11D0-8D11-00A0C91BC942}") = "EBS-util-lib", "EBS-util\EBS-util.vcxproj", "{0E6FBF08-B2D7-4D39-9F46-EDB1D9DFF1C4}"
EndProject
Global
	GlobalSection(SolutionConfigurationPlatforms) = preSolution
		Debug|x64 = Debug|x64
		Debug|x86 = Debug|x86
		Release|x64 = Release|x64
		Release|x86 = Release|x86
	EndGlobalSection
	GlobalSection(ProjectConfigurationPlatforms) = postSolution
		{56282A84-71CA-408C-9089-7D4704223569}.Debug|x64.ActiveCfg = Debug|x64
		{56282A84-71CA-408C-9089-7D4704223569}.Debug|x64.Build.0 = Debug|x64
		{56282A84-71CA-408C-9089-7D4704223569}.Debug|x86.ActiveCfg = Debug|Win32
		{56282A84-71CA-408C-9089-7D4704223569}.Debug|x86.Build.0 = Debug|Win32
		{56282A84-71CA-408C-9089-7D4704223569}.Release|x64.ActiveCfg = Release|x64
		{56282A84-71CA-408C-9089-7D4704223569}.Release|x64.Build.0 = Release|x64
		{56282A84-71CA-408C-9089-7D4704223569}.Release|x86.ActiveCfg = Release|Win32
		{56282A84-71CA-408C-9089-7D4704223569}.Release|x86.Build.0 = Release|Win32
		{BC8DC2EC-9CF1-4F54-8BCD-172B88D9887B}.Debug|x64.ActiveCfg = Debug|x64
		{BC8DC2EC-9CF1-4F54-8BCD-172B88D9887B}.Debug|x64.Build.0 = Debug|x64
		{BC8DC2EC-9CF1-4F54-8BCD-172B88D9887B}.Debug|x86.ActiveCfg = Debug|Win32
		{BC8DC2EC-9CF1-4F54-8BCD-172B88D9887B}.Debug|x86.Build.0 = Debug|Win32
		{BC8DC2EC-9CF1-4F54-8BCD-172B88D9887B}.Release|x64.ActiveCfg = Release|x64
		{BC8DC2EC-9CF1-4F54-8BCD-172B88D9887B}.Release|x64.Build.0 = Release|x64
		{BC8DC2EC-9CF1-4F54-8BCD-172B88D9887B}.Release|x86.ActiveCfg = Release|Win32
		{BC8DC2EC-9CF1-4F54-8BCD-172B88D9887B}.Release|x86.Build.0 = Release|Win32
		{9726B572-FF32-4B2B-BC17-CDECD17C0510}.Debug|x64.ActiveCfg = Debug|x64
		{9726B572-FF32-4B2B-BC17-CDECD17C0510}.Debug|x64.Build.0 = Debug|x64
		{9726B572-FF32-4B2B-BC17-CDECD17C0510}.Debug|x86.ActiveCfg = Debug|Win32
		{9726B572-FF32-4B2B-BC17-CDECD17C0510}.Debug|x86.Build.0 = Debug|Win32
		{9726B572-FF32-4B2B-BC17-CDECD17C0510}.Release|x64.ActiveCfg = Release|x64
		{9726B572-FF32-4B2B-BC17-CDECD17C0510}.Release|x64.Build.0 = Release|x64
		{9726B572-FF32-4B2B-BC17-CDECD17C0510}.Release|x86.ActiveCfg = Release|Win32
		{9726B572-FF32-4B2B-BC17-CDECD17C0510}.Release|x86.Build.0 = Release|Win32
		{87CD7C06-7D29-4A12-966F-556A9A16949B}.Debug|x64.ActiveCfg = Debug|x64
		{87CD7C06-7D29-4A12-966F-556A9A16949B}.Debug|x64.Build.0 = Debug|x64
		{87CD7C06-7D29-4A12-966F-556A9A16949B}.Debug|x86.ActiveCfg = Debug|Win32
		{87CD7C06-7D29-4A12-966F-556A9A16949B}.Debug|x86.Build.0 = Debug|Win32
		{87CD7C06-7D29-4A12-966F-556A9A16949B}.Release|x64.ActiveCfg = Release|x64
		{87CD7C06-7D29-4A12-966F-556A9A16949B}.Release|x64.Build.0 = Release|x64
		{87CD7C06-7D29-4A12-966F-556A9A16949B}.Release|x86.ActiveCfg = Release|Win32
		{87CD7C06-7D29-4A12-966F-556A9A16949B}.Release|x86.Build.0 = Release|Win32
		{C7773D77-1CD0-4C7E-B5A8-6CE567868891}.Debug|x64.ActiveCfg = Debug|x64
		{C7773D77-1CD0-4C7E-B5A8-6CE567868891}.Debug|x64.Build.0 = Debug|x64
		{C7773D77-1CD0-4C7E-B5A8-6CE567868891}.Debug|x86.ActiveCfg = Debug|Win32
		{C7773D77-1CD0-4C7E-B5A8-6CE567868891}.Debug|x86.Build.0 = Debug|Win32
		{C7773D77-1CD0-4C7E-B5A8-6CE567868891}.Release|x64.ActiveCfg = Release|x64
		{C7773D77-1CD0-4C7E-B5A8-6CE567868891}.Release|x64.Build.0 = Release|x64
		{C7773D77-1CD0-4C7E-B5A8-6CE567868891}.Release|x86.ActiveCfg = Release|Win32
		{C7773D77-1CD0-4C7E-B5A8-6CE567868891}.Release|x86.Build.0 = Release|Win32
		{0E6FBF08-B2D7-4D39-9F46-EDB1D9DFF1C4}.Debug|x64.ActiveCfg = Debug|x64
		{0E6FBF08-B2D7-4D39-9F46-EDB1D9DFF1C4}.Debug|x64.Build.0 = Debug|x64
		{0E6FBF08-B2D7-4D39-9F46-EDB1D9DFF1C4}.Debug|x86.ActiveCfg = Debug|Win32
		{0E6FBF08-B2D7-4D39-9F46-EDB1D9DFF1C4}.Debug|x86.Build.0 = Debug|Win32
		{0E6FBF08-B2D7-4D39-9F46-EDB1D9DFF1C4}.Release|x64.ActiveCfg = Release|x64
		{0E6FBF08-B2D7-4D39-9F46-EDB1D9DFF1C4}.Release|x64.Build.0 = Release|x64
		{0E6FBF08-B2D7-4D39-9F46-EDB1D9DFF1C4}.Release|x86.ActiveCfg = Release|Win32
		{0E6FBF08-B2D7-4D39-9F46-EDB1D9DFF1C4}.Release|x86.Build.0 = Release|Win32
	EndGlobalSection
	GlobalSection(SolutionProperties) = preSolution
		HideSolutionNode = FALSE
	EndGlobalSection
EndGlobal
